
Microsoft Visual Studio Solution File, Format Version 12.00
# Visual Studio Version 16
VisualStudioVersion = 16.0.31624.102
MinimumVisualStudioVersion = 10.0.40219.1
Project("{8BC9CEB8-8B4A-11D0-8D11-00A0C91BC942}") = "ScreenGolf_Mgt_v01_01", "ScreenGolf_Mgt_v01_01.vcxproj", "{18D77A9F-E1F2-433A-8EC4-DE1693A004B5}"
EndProject
Global
	GlobalSection(SolutionConfigurationPlatforms) = preSolution
		Debug|x64 = Debug|x64
		Debug|x86 = Debug|x86
		Release|x64 = Release|x64
		Release|x86 = Release|x86
	EndGlobalSection
	GlobalSection(ProjectConfigurationPlatforms) = postSolution
		{18D77A9F-E1F2-433A-8EC4-DE1693A004B5}.Debug|x64.ActiveCfg = Debug|x64
		{18D77A9F-E1F2-433A-8EC4-DE1693A004B5}.Debug|x64.Build.0 = Debug|x64
		{18D77A9F-E1F2-433A-8EC4-DE1693A004B5}.Debug|x86.ActiveCfg = Debug|Win32
		{18D77A9F-E1F2-433A-8EC4-DE1693A004B5}.Debug|x86.Build.0 = Debug|Win32
		{18D77A9F-E1F2-433A-8EC4-DE1693A004B5}.Release|x64.ActiveCfg = Release|x64
		{18D77A9F-E1F2-433A-8EC4-DE1693A004B5}.Release|x64.Build.0 = Release|x64
		{18D77A9F-E1F2-433A-8EC4-DE1693A004B5}.Release|x86.ActiveCfg = Release|Win32
		{18D77A9F-E1F2-433A-8EC4-DE1693A004B5}.Release|x86.Build.0 = Release|Win32
	EndGlobalSection
	GlobalSection(SolutionProperties) = preSolution
		HideSolutionNode = FALSE
	EndGlobalSection
	GlobalSection(ExtensibilityGlobals) = postSolution
		SolutionGuid = {B00E5200-9E8D-46F0-B6B0-D4635657A036}
	EndGlobalSection
EndGlobal
