
Microsoft Visual Studio Solution File, Format Version 12.00
# Visual Studio Version 16
VisualStudioVersion = 16.0.31624.102
MinimumVisualStudioVersion = 10.0.40219.1
Project("{8BC9CEB8-8B4A-11D0-8D11-00A0C91BC942}") = "Shop_Mgt_v01", "Shop_Mgt_v01.vcxproj", "{D2D2AB39-5700-417D-90B2-3DF79178DED6}"
EndProject
Global
	GlobalSection(SolutionConfigurationPlatforms) = preSolution
		Debug|x64 = Debug|x64
		Debug|x86 = Debug|x86
		Release|x64 = Release|x64
		Release|x86 = Release|x86
	EndGlobalSection
	GlobalSection(ProjectConfigurationPlatforms) = postSolution
		{D2D2AB39-5700-417D-90B2-3DF79178DED6}.Debug|x64.ActiveCfg = Debug|x64
		{D2D2AB39-5700-417D-90B2-3DF79178DED6}.Debug|x64.Build.0 = Debug|x64
		{D2D2AB39-5700-417D-90B2-3DF79178DED6}.Debug|x86.ActiveCfg = Debug|Win32
		{D2D2AB39-5700-417D-90B2-3DF79178DED6}.Debug|x86.Build.0 = Debug|Win32
		{D2D2AB39-5700-417D-90B2-3DF79178DED6}.Release|x64.ActiveCfg = Release|x64
		{D2D2AB39-5700-417D-90B2-3DF79178DED6}.Release|x64.Build.0 = Release|x64
		{D2D2AB39-5700-417D-90B2-3DF79178DED6}.Release|x86.ActiveCfg = Release|Win32
		{D2D2AB39-5700-417D-90B2-3DF79178DED6}.Release|x86.Build.0 = Release|Win32
	EndGlobalSection
	GlobalSection(SolutionProperties) = preSolution
		HideSolutionNode = FALSE
	EndGlobalSection
	GlobalSection(ExtensibilityGlobals) = postSolution
		SolutionGuid = {0506243A-E784-4647-85C3-FBBD617FF378}
	EndGlobalSection
EndGlobal
